
Microsoft Visual Studio Solution File, Format Version 12.00
# Visual Studio Version 16
VisualStudioVersion = 25.0.1704.0
MinimumVisualStudioVersion = 10.0.40219.1
Project("{FAE04EC0-301F-11D3-BF4B-00C04F79EFBC}") = "Day1", "Day1\Day1.csproj", "{686666E9-5F5E-4F49-B6D3-75CEEEF4A029}"
EndProject
Project("{FAE04EC0-301F-11D3-BF4B-00C04F79EFBC}") = "Day02", "Day02\Day02.csproj", "{70D881BD-1419-451C-BAA7-84EA33657508}"
EndProject
Project("{FAE04EC0-301F-11D3-BF4B-00C04F79EFBC}") = "Day03", "Day03\Day03.csproj", "{AC2C0D17-0DEB-44E4-AB58-F04DD913C0EB}"
EndProject
Project("{FAE04EC0-301F-11D3-BF4B-00C04F79EFBC}") = "Day04", "Day04\Day04.csproj", "{3C5CE3BB-95CA-4114-8FE8-52B70A22385F}"
EndProject
Project("{FAE04EC0-301F-11D3-BF4B-00C04F79EFBC}") = "Day05", "Day05\Day05.csproj", "{96D2386E-3476-45F9-BE07-BF274198D5C8}"
EndProject
Project("{FAE04EC0-301F-11D3-BF4B-00C04F79EFBC}") = "Day06", "Day06\Day06.csproj", "{6BA1C435-A604-4016-8BC9-E0DAD44D5FA9}"
EndProject
Project("{FAE04EC0-301F-11D3-BF4B-00C04F79EFBC}") = "Day07", "Day07\Day07.csproj", "{38EF5AEA-D183-4379-946D-3332B7EF680A}"
EndProject
Project("{FAE04EC0-301F-11D3-BF4B-00C04F79EFBC}") = "Day08", "Day08\Day08.csproj", "{3E875614-B8B8-44EE-AE81-5720ABF34080}"
EndProject
Project("{FAE04EC0-301F-11D3-BF4B-00C04F79EFBC}") = "Day09", "Day09\Day09.csproj", "{A188D6AB-42D0-4B32-855B-72AA08138CC0}"
EndProject
Global
	GlobalSection(SolutionConfigurationPlatforms) = preSolution
		Debug|Any CPU = Debug|Any CPU
		Release|Any CPU = Release|Any CPU
	EndGlobalSection
	GlobalSection(ProjectConfigurationPlatforms) = postSolution
		{686666E9-5F5E-4F49-B6D3-75CEEEF4A029}.Debug|Any CPU.ActiveCfg = Debug|Any CPU
		{686666E9-5F5E-4F49-B6D3-75CEEEF4A029}.Debug|Any CPU.Build.0 = Debug|Any CPU
		{686666E9-5F5E-4F49-B6D3-75CEEEF4A029}.Release|Any CPU.ActiveCfg = Release|Any CPU
		{686666E9-5F5E-4F49-B6D3-75CEEEF4A029}.Release|Any CPU.Build.0 = Release|Any CPU
		{70D881BD-1419-451C-BAA7-84EA33657508}.Debug|Any CPU.ActiveCfg = Debug|Any CPU
		{70D881BD-1419-451C-BAA7-84EA33657508}.Debug|Any CPU.Build.0 = Debug|Any CPU
		{70D881BD-1419-451C-BAA7-84EA33657508}.Release|Any CPU.ActiveCfg = Release|Any CPU
		{70D881BD-1419-451C-BAA7-84EA33657508}.Release|Any CPU.Build.0 = Release|Any CPU
		{AC2C0D17-0DEB-44E4-AB58-F04DD913C0EB}.Debug|Any CPU.ActiveCfg = Debug|Any CPU
		{AC2C0D17-0DEB-44E4-AB58-F04DD913C0EB}.Debug|Any CPU.Build.0 = Debug|Any CPU
		{AC2C0D17-0DEB-44E4-AB58-F04DD913C0EB}.Release|Any CPU.ActiveCfg = Release|Any CPU
		{AC2C0D17-0DEB-44E4-AB58-F04DD913C0EB}.Release|Any CPU.Build.0 = Release|Any CPU
		{3C5CE3BB-95CA-4114-8FE8-52B70A22385F}.Debug|Any CPU.ActiveCfg = Debug|Any CPU
		{3C5CE3BB-95CA-4114-8FE8-52B70A22385F}.Debug|Any CPU.Build.0 = Debug|Any CPU
		{3C5CE3BB-95CA-4114-8FE8-52B70A22385F}.Release|Any CPU.ActiveCfg = Release|Any CPU
		{3C5CE3BB-95CA-4114-8FE8-52B70A22385F}.Release|Any CPU.Build.0 = Release|Any CPU
		{96D2386E-3476-45F9-BE07-BF274198D5C8}.Debug|Any CPU.ActiveCfg = Debug|Any CPU
		{96D2386E-3476-45F9-BE07-BF274198D5C8}.Debug|Any CPU.Build.0 = Debug|Any CPU
		{96D2386E-3476-45F9-BE07-BF274198D5C8}.Release|Any CPU.ActiveCfg = Release|Any CPU
		{96D2386E-3476-45F9-BE07-BF274198D5C8}.Release|Any CPU.Build.0 = Release|Any CPU
		{6BA1C435-A604-4016-8BC9-E0DAD44D5FA9}.Debug|Any CPU.ActiveCfg = Debug|Any CPU
		{6BA1C435-A604-4016-8BC9-E0DAD44D5FA9}.Debug|Any CPU.Build.0 = Debug|Any CPU
		{6BA1C435-A604-4016-8BC9-E0DAD44D5FA9}.Release|Any CPU.ActiveCfg = Release|Any CPU
		{6BA1C435-A604-4016-8BC9-E0DAD44D5FA9}.Release|Any CPU.Build.0 = Release|Any CPU
		{38EF5AEA-D183-4379-946D-3332B7EF680A}.Debug|Any CPU.ActiveCfg = Debug|Any CPU
		{38EF5AEA-D183-4379-946D-3332B7EF680A}.Debug|Any CPU.Build.0 = Debug|Any CPU
		{38EF5AEA-D183-4379-946D-3332B7EF680A}.Release|Any CPU.ActiveCfg = Release|Any CPU
		{38EF5AEA-D183-4379-946D-3332B7EF680A}.Release|Any CPU.Build.0 = Release|Any CPU
		{3E875614-B8B8-44EE-AE81-5720ABF34080}.Debug|Any CPU.ActiveCfg = Debug|Any CPU
		{3E875614-B8B8-44EE-AE81-5720ABF34080}.Debug|Any CPU.Build.0 = Debug|Any CPU
		{3E875614-B8B8-44EE-AE81-5720ABF34080}.Release|Any CPU.ActiveCfg = Release|Any CPU
		{3E875614-B8B8-44EE-AE81-5720ABF34080}.Release|Any CPU.Build.0 = Release|Any CPU
		{A188D6AB-42D0-4B32-855B-72AA08138CC0}.Debug|Any CPU.ActiveCfg = Debug|Any CPU
		{A188D6AB-42D0-4B32-855B-72AA08138CC0}.Debug|Any CPU.Build.0 = Debug|Any CPU
		{A188D6AB-42D0-4B32-855B-72AA08138CC0}.Release|Any CPU.ActiveCfg = Release|Any CPU
		{A188D6AB-42D0-4B32-855B-72AA08138CC0}.Release|Any CPU.Build.0 = Release|Any CPU
	EndGlobalSection
	GlobalSection(SolutionProperties) = preSolution
		HideSolutionNode = FALSE
	EndGlobalSection
	GlobalSection(ExtensibilityGlobals) = postSolution
		SolutionGuid = {6FF181C1-3B26-4F56-B2C0-0EF2AAF0D1B2}
	EndGlobalSection
EndGlobal
